// !$*UTF8*$!
{
	archiveVersion = 1;
	classes = {
	};
	objectVersion = 46;
	objects = {

/* Begin PBXBuildFile section */
		945EBEE71DE6E13D00020526 /* AppDelegate.swift in Sources */ = {isa = PBXBuildFile; fileRef = 945EBEE61DE6E13D00020526 /* AppDelegate.swift */; };
		945EBEE91DE6E13D00020526 /* ViewController.swift in Sources */ = {isa = PBXBuildFile; fileRef = 945EBEE81DE6E13D00020526 /* ViewController.swift */; };
		945EBEEC1DE6E13D00020526 /* Main.storyboard in Resources */ = {isa = PBXBuildFile; fileRef = 945EBEEA1DE6E13D00020526 /* Main.storyboard */; };
		945EBEEE1DE6E13D00020526 /* Assets.xcassets in Resources */ = {isa = PBXBuildFile; fileRef = 945EBEED1DE6E13D00020526 /* Assets.xcassets */; };
		945EBEF11DE6E13D00020526 /* LaunchScreen.storyboard in Resources */ = {isa = PBXBuildFile; fileRef = 945EBEEF1DE6E13D00020526 /* LaunchScreen.storyboard */; };
/* End PBXBuildFile section */

/* Begin PBXFileReference section */
		945EBEE31DE6E13D00020526 /* imagedownload.app */ = {isa = PBXFileReference; explicitFileType = wrapper.application; includeInIndex = 0; path = imagedownload.app; sourceTree = BUILT_PRODUCTS_DIR; };
		945EBEE61DE6E13D00020526 /* AppDelegate.swift */ = {isa = PBXFileReference; lastKnownFileType = sourcecode.swift; path = AppDelegate.swift; sourceTree = "<group>"; };
		945EBEE81DE6E13D00020526 /* ViewController.swift */ = {isa = PBXFileReference; lastKnownFileType = sourcecode.swift; path = ViewController.swift; sourceTree = "<group>"; };
		945EBEEB1DE6E13D00020526 /* Base */ = {isa = PBXFileReference; lastKnownFileType = file.storyboard; name = Base; path = Base.lproj/Main.storyboard; sourceTree = "<group>"; };
		945EBEED1DE6E13D00020526 /* Assets.xcassets */ = {isa = PBXFileReference; lastKnownFileType = folder.assetcatalog; path = Assets.xcassets; sourceTree = "<group>"; };
		945EBEF01DE6E13D00020526 /* Base */ = {isa = PBXFileReference; lastKnownFileType = file.storyboard; name = Base; path = Base.lproj/LaunchScreen.storyboard; sourceTree = "<group>"; };
		945EBEF21DE6E13D00020526 /* Info.plist */ = {isa = PBXFileReference; lastKnownFileType = text.plist.xml; path = Info.plist; sourceTree = "<group>"; };
/* End PBXFileReference section */

/* Begin PBXFrameworksBuildPhase section */
		945EBEE01DE6E13D00020526 /* Frameworks */ = {
			isa = PBXFrameworksBuildPhase;
			buildActionMask = 2147483647;
			files = (
			);
			runOnlyForDeploymentPostprocessing = 0;
		};
/* End PBXFrameworksBuildPhase section */

/* Begin PBXGroup section */
		945EBEDA1DE6E13D00020526 = {
			isa = PBXGroup;
			children = (
				945EBEE51DE6E13D00020526 /* imagedownload */,
				945EBEE41DE6E13D00020526 /* Products */,
			);
			sourceTree = "<group>";
		};
		945EBEE41DE6E13D00020526 /* Products */ = {
			isa = PBXGroup;
			children = (
				945EBEE31DE6E13D00020526 /* imagedownload.app */,
			);
			name = Products;
			sourceTree = "<group>";
		};
		945EBEE51DE6E13D00020526 /* imagedownload */ = {
			isa = PBXGroup;
			children = (
				945EBEE61DE6E13D00020526 /* AppDelegate.swift */,
				945EBEE81DE6E13D00020526 /* ViewController.swift */,
				945EBEEA1DE6E13D00020526 /* Main.storyboard */,
				945EBEED1DE6E13D00020526 /* Assets.xcassets */,
				945EBEEF1DE6E13D00020526 /* LaunchScreen.storyboard */,
				945EBEF21DE6E13D00020526 /* Info.plist */,
			);
			path = imagedownload;
			sourceTree = "<group>";
		};
/* End PBXGroup section */

/* Begin PBXNativeTarget section */
		945EBEE21DE6E13D00020526 /* imagedownload */ = {
			isa = PBXNativeTarget;
			buildConfigurationList = 945EBEF51DE6E13D00020526 /* Build configuration list for PBXNativeTarget "imagedownload" */;
			buildPhases = (
				945EBEDF1DE6E13D00020526 /* Sources */,
				945EBEE01DE6E13D00020526 /* Frameworks */,
				945EBEE11DE6E13D00020526 /* Resources */,
			);
			buildRules = (
			);
			dependencies = (
			);
			name = imagedownload;
			productName = imagedownload;
			productReference = 945EBEE31DE6E13D00020526 /* imagedownload.app */;
			productType = "com.apple.product-type.application";
		};
/* End PBXNativeTarget section */

/* Begin PBXProject section */
		945EBEDB1DE6E13D00020526 /* Project object */ = {
			isa = PBXProject;
			attributes = {
				LastSwiftUpdateCheck = 0810;
				LastUpgradeCheck = 0810;
				ORGANIZATIONNAME = "Aberger Software GmbH.";
				TargetAttributes = {
					945EBEE21DE6E13D00020526 = {
						CreatedOnToolsVersion = 8.1;
						ProvisioningStyle = Automatic;
					};
				};
			};
			buildConfigurationList = 945EBEDE1DE6E13D00020526 /* Build configuration list for PBXProject "imagedownload" */;
			compatibilityVersion = "Xcode 3.2";
			developmentRegion = English;
			hasScannedForEncodings = 0;
			knownRegions = (
				en,
				Base,
			);
			mainGroup = 945EBEDA1DE6E13D00020526;
			productRefGroup = 945EBEE41DE6E13D00020526 /* Products */;
			projectDirPath = "";
			projectRoot = "";
			targets = (
				945EBEE21DE6E13D00020526 /* imagedownload */,
			);
		};
/* End PBXProject section */

/* Begin PBXResourcesBuildPhase section */
		945EBEE11DE6E13D00020526 /* Resources */ = {
			isa = PBXResourcesBuildPhase;
			buildActionMask = 2147483647;
			files = (
				945EBEF11DE6E13D00020526 /* LaunchScreen.storyboard in Resources */,
				945EBEEE1DE6E13D00020526 /* Assets.xcassets in Resources */,
				945EBEEC1DE6E13D00020526 /* Main.storyboard in Resources */,
			);
			runOnlyForDeploymentPostprocessing = 0;
		};
/* End PBXResourcesBuildPhase section */

/* Begin PBXSourcesBuildPhase section */
		945EBEDF1DE6E13D00020526 /* Sources */ = {
			isa = PBXSourcesBuildPhase;
			buildActionMask = 2147483647;
			files = (
				945EBEE91DE6E13D00020526 /* ViewController.swift in Sources */,
				945EBEE71DE6E13D00020526 /* AppDelegate.swift in Sources */,
			);
			runOnlyForDeploymentPostprocessing = 0;
		};
/* End PBXSourcesBuildPhase section */

/* Begin PBXVariantGroup section */
		945EBEEA1DE6E13D00020526 /* Main.storyboard */ = {
			isa = PBXVariantGroup;
			children = (
				945EBEEB1DE6E13D00020526 /* Base */,
			);
			name = Main.storyboard;
			sourceTree = "<group>";
		};
		945EBEEF1DE6E13D00020526 /* LaunchScreen.storyboard */ = {
			isa = PBXVariantGroup;
			children = (
				945EBEF01DE6E13D00020526 /* Base */,
			);
			name = LaunchScreen.storyboard;
			sourceTree = "<group>";
		};
/* End PBXVariantGroup section */

/* Begin XCBuildConfiguration section */
		945EBEF31DE6E13D00020526 /* Debug */ = {
			isa = XCBuildConfiguration;
			buildSettings = {
				ALWAYS_SEARCH_USER_PATHS = NO;
				CLANG_ANALYZER_NONNULL = YES;
				CLANG_CXX_LANGUAGE_STANDARD = "gnu++0x";
				CLANG_CXX_LIBRARY = "libc++";
				CLANG_ENABLE_MODULES = YES;
				CLANG_ENABLE_OBJC_ARC = YES;
				CLANG_WARN_BOOL_CONVERSION = YES;
				CLANG_WARN_CONSTANT_CONVERSION = YES;
				CLANG_WARN_DIRECT_OBJC_ISA_USAGE = YES_ERROR;
				CLANG_WARN_DOCUMENTATION_COMMENTS = YES;
				CLANG_WARN_EMPTY_BODY = YES;
				CLANG_WARN_ENUM_CONVERSION = YES;
				CLANG_WARN_INFINITE_RECURSION = YES;
				CLANG_WARN_INT_CONVERSION = YES;
				CLANG_WARN_OBJC_ROOT_CLASS = YES_ERROR;
				CLANG_WARN_SUSPICIOUS_MOVES = YES;
				CLANG_WARN_UNREACHABLE_CODE = YES;
				CLANG_WARN__DUPLICATE_METHOD_MATCH = YES;
				"CODE_SIGN_IDENTITY[sdk=iphoneos*]" = "iPhone Developer";
				COPY_PHASE_STRIP = NO;
				DEBUG_INFORMATION_FORMAT = dwarf;
				ENABLE_STRICT_OBJC_MSGSEND = YES;
				ENABLE_TESTABILITY = YES;
				GCC_C_LANGUAGE_STANDARD = gnu99;
				GCC_DYNAMIC_NO_PIC = NO;
				GCC_NO_COMMON_BLOCKS = YES;
				GCC_OPTIMIZATION_LEVEL = 0;
				GCC_PREPROCESSOR_DEFINITIONS = (
					"DEBUG=1",
					"$(inherited)",
				);
				GCC_WARN_64_TO_32_BIT_CONVERSION = YES;
				GCC_WARN_ABOUT_RETURN_TYPE = YES_ERROR;
				GCC_WARN_UNDECLARED_SELECTOR = YES;
				GCC_WARN_UNINITIALIZED_AUTOS = YES_AGGRESSIVE;
				GCC_WARN_UNUSED_FUNCTION = YES;
				GCC_WARN_UNUSED_VARIABLE = YES;
				IPHONEOS_DEPLOYMENT_TARGET = 10.1;
				MTL_ENABLE_DEBUG_INFO = YES;
				ONLY_ACTIVE_ARCH = YES;
				SDKROOT = iphoneos;
				SWIFT_ACTIVE_COMPILATION_CONDITIONS = DEBUG;
				SWIFT_OPTIMIZATION_LEVEL = "-Onone";
				TARGETED_DEVICE_FAMILY = "1,2";
			};
			name = Debug;
		};
		945EBEF41DE6E13D00020526 /* Release */ = {
			isa = XCBuildConfiguration;
			buildSettings = {
				ALWAYS_SEARCH_USER_PATHS = NO;
				CLANG_ANALYZER_NONNULL = YES;
				CLANG_CXX_LANGUAGE_STANDARD = "gnu++0x";
				CLANG_CXX_LIBRARY = "libc++";
				CLANG_ENABLE_MODULES = YES;
				CLANG_ENABLE_OBJC_ARC = YES;
				CLANG_WARN_BOOL_CONVERSION = YES;
				CLANG_WARN_CONSTANT_CONVERSION = YES;
				CLANG_WARN_DIRECT_OBJC_ISA_USAGE = YES_ERROR;
				CLANG_WARN_DOCUMENTATION_COMMENTS = YES;
				CLANG_WARN_EMPTY_BODY = YES;
				CLANG_WARN_ENUM_CONVERSION = YES;
				CLANG_WARN_INFINITE_RECURSION = YES;
				CLANG_WARN_INT_CONVERSION = YES;
				CLANG_WARN_OBJC_ROOT_CLASS = YES_ERROR;
				CLANG_WARN_SUSPICIOUS_MOVES = YES;
				CLANG_WARN_UNREACHABLE_CODE = YES;
				CLANG_WARN__DUPLICATE_METHOD_MATCH = YES;
				"CODE_SIGN_IDENTITY[sdk=iphoneos*]" = "iPhone Developer";
				COPY_PHASE_STRIP = NO;
				DEBUG_INFORMATION_FORMAT = "dwarf-with-dsym";
				ENABLE_NS_ASSERTIONS = NO;
				ENABLE_STRICT_OBJC_MSGSEND = YES;
				GCC_C_LANGUAGE_STANDARD = gnu99;
				GCC_NO_COMMON_BLOCKS = YES;
				GCC_WARN_64_TO_32_BIT_CONVERSION = YES;
				GCC_WARN_ABOUT_RETURN_TYPE = YES_ERROR;
				GCC_WARN_UNDECLARED_SELECTOR = YES;
				GCC_WARN_UNINITIALIZED_AUTOS = YES_AGGRESSIVE;
				GCC_WARN_UNUSED_FUNCTION = YES;
				GCC_WARN_UNUSED_VARIABLE = YES;
				IPHONEOS_DEPLOYMENT_TARGET = 10.1;
				MTL_ENABLE_DEBUG_INFO = NO;
				SDKROOT = iphoneos;
				SWIFT_OPTIMIZATION_LEVEL = "-Owholemodule";
				TARGETED_DEVICE_FAMILY = "1,2";
				VALIDATE_PRODUCT = YES;
			};
			name = Release;
		};
		945EBEF61DE6E13D00020526 /* Debug */ = {
			isa = XCBuildConfiguration;
			buildSettings = {
				ASSETCATALOG_COMPILER_APPICON_NAME = AppIcon;
				INFOPLIST_FILE = imagedownload/Info.plist;
				LD_RUNPATH_SEARCH_PATHS = "$(inherited) @executable_path/Frameworks";
				PRODUCT_BUNDLE_IDENTIFIER = at.aberger.demo.imagedownload;
				PRODUCT_NAME = "$(TARGET_NAME)";
				SWIFT_VERSION = 3.0;
			};
			name = Debug;
		};
		945EBEF71DE6E13D00020526 /* Release */ = {
			isa = XCBuildConfiguration;
			buildSettings = {
				ASSETCATALOG_COMPILER_APPICON_NAME = AppIcon;
				INFOPLIST_FILE = imagedownload/Info.plist;
				LD_RUNPATH_SEARCH_PATHS = "$(inherited) @executable_path/Frameworks";
				PRODUCT_BUNDLE_IDENTIFIER = at.aberger.demo.imagedownload;
				PRODUCT_NAME = "$(TARGET_NAME)";
				SWIFT_VERSION = 3.0;
			};
			name = Release;
		};
/* End XCBuildConfiguration section */

/* Begin XCConfigurationList section */
		945EBEDE1DE6E13D00020526 /* Build configuration list for PBXProject "imagedownload" */ = {
			isa = XCConfigurationList;
			buildConfigurations = (
				945EBEF31DE6E13D00020526 /* Debug */,
				945EBEF41DE6E13D00020526 /* Release */,
			);
			defaultConfigurationIsVisible = 0;
			defaultConfigurationName = Release;
		};
		945EBEF51DE6E13D00020526 /* Build configuration list for PBXNativeTarget "imagedownload" */ = {
			isa = XCConfigurationList;
			buildConfigurations = (
				945EBEF61DE6E13D00020526 /* Debug */,
				945EBEF71DE6E13D00020526 /* Release */,
			);
			defaultConfigurationIsVisible = 0;
		};
/* End XCConfigurationList section */
	};
	rootObject = 945EBEDB1DE6E13D00020526 /* Project object */;
}
